
Microsoft Visual Studio Solution File, Format Version 12.00
# Visual Studio Version 17
VisualStudioVersion = 17.7.34024.191
MinimumVisualStudioVersion = 10.0.40219.1
Project("{888888A0-9F3D-457C-B088-3A5042F75D52}") = "MilestoneMain", "MilestoneMain\MilestoneMain.pyproj", "{C7392BC1-205E-45FD-A0DA-F557C85368A3}"
EndProject
Global
	GlobalSection(SolutionConfigurationPlatforms) = preSolution
		Debug|Any CPU = Debug|Any CPU
		Release|Any CPU = Release|Any CPU
	EndGlobalSection
	GlobalSection(ProjectConfigurationPlatforms) = postSolution
		{C7392BC1-205E-45FD-A0DA-F557C85368A3}.Debug|Any CPU.ActiveCfg = Debug|Any CPU
		{C7392BC1-205E-45FD-A0DA-F557C85368A3}.Release|Any CPU.ActiveCfg = Release|Any CPU
	EndGlobalSection
	GlobalSection(SolutionProperties) = preSolution
		HideSolutionNode = FALSE
	EndGlobalSection
	GlobalSection(ExtensibilityGlobals) = postSolution
		SolutionGuid = {0DFE5E84-8918-4EB0-AA97-A6F694125E4B}
	EndGlobalSection
EndGlobal
