
Microsoft Visual Studio Solution File, Format Version 12.00
# Visual Studio Version 17
VisualStudioVersion = 17.7.34024.191
MinimumVisualStudioVersion = 10.0.40219.1
Project("{888888A0-9F3D-457C-B088-3A5042F75D52}") = "milestone2_modulos", "milestone2_modulos\milestone2_modulos.pyproj", "{3B8C59B8-3639-46D2-861A-B6A44D3A8624}"
EndProject
Global
	GlobalSection(SolutionConfigurationPlatforms) = preSolution
		Debug|Any CPU = Debug|Any CPU
		Release|Any CPU = Release|Any CPU
	EndGlobalSection
	GlobalSection(ProjectConfigurationPlatforms) = postSolution
		{3B8C59B8-3639-46D2-861A-B6A44D3A8624}.Debug|Any CPU.ActiveCfg = Debug|Any CPU
		{3B8C59B8-3639-46D2-861A-B6A44D3A8624}.Release|Any CPU.ActiveCfg = Release|Any CPU
	EndGlobalSection
	GlobalSection(SolutionProperties) = preSolution
		HideSolutionNode = FALSE
	EndGlobalSection
	GlobalSection(ExtensibilityGlobals) = postSolution
		SolutionGuid = {D67FCA2F-F246-4ADC-A705-35A56C03060E}
	EndGlobalSection
EndGlobal
